
Microsoft Visual Studio Solution File, Format Version 12.00
Project("{FAE04EC0-301F-11D3-BF4B-00C04F79EFBC}") = "Sample", "Sample\Sample.csproj", "{1AEDFAB5-FFAE-4AC8-9298-F7C14D744CF1}"
EndProject
Project("{FAE04EC0-301F-11D3-BF4B-00C04F79EFBC}") = "MediatR", "MediatR\MediatR.csproj", "{B82DB239-E2F1-49C9-BE5E-3580D988D9A9}"
EndProject
Project("{FAE04EC0-301F-11D3-BF4B-00C04F79EFBC}") = "MediatR.DependencyInjection", "MediatR.DependencyInjection\MediatR.DependencyInjection.csproj", "{87158948-C9B0-4A7C-8DD9-C55ABFAC17CE}"
EndProject
Global
	GlobalSection(SolutionConfigurationPlatforms) = preSolution
		Debug|Any CPU = Debug|Any CPU
		Release|Any CPU = Release|Any CPU
	EndGlobalSection
	GlobalSection(ProjectConfigurationPlatforms) = postSolution
		{1AEDFAB5-FFAE-4AC8-9298-F7C14D744CF1}.Debug|Any CPU.ActiveCfg = Debug|Any CPU
		{1AEDFAB5-FFAE-4AC8-9298-F7C14D744CF1}.Debug|Any CPU.Build.0 = Debug|Any CPU
		{1AEDFAB5-FFAE-4AC8-9298-F7C14D744CF1}.Release|Any CPU.ActiveCfg = Release|Any CPU
		{1AEDFAB5-FFAE-4AC8-9298-F7C14D744CF1}.Release|Any CPU.Build.0 = Release|Any CPU
		{B82DB239-E2F1-49C9-BE5E-3580D988D9A9}.Debug|Any CPU.ActiveCfg = Debug|Any CPU
		{B82DB239-E2F1-49C9-BE5E-3580D988D9A9}.Debug|Any CPU.Build.0 = Debug|Any CPU
		{B82DB239-E2F1-49C9-BE5E-3580D988D9A9}.Release|Any CPU.ActiveCfg = Release|Any CPU
		{B82DB239-E2F1-49C9-BE5E-3580D988D9A9}.Release|Any CPU.Build.0 = Release|Any CPU
		{87158948-C9B0-4A7C-8DD9-C55ABFAC17CE}.Debug|Any CPU.ActiveCfg = Debug|Any CPU
		{87158948-C9B0-4A7C-8DD9-C55ABFAC17CE}.Debug|Any CPU.Build.0 = Debug|Any CPU
		{87158948-C9B0-4A7C-8DD9-C55ABFAC17CE}.Release|Any CPU.ActiveCfg = Release|Any CPU
		{87158948-C9B0-4A7C-8DD9-C55ABFAC17CE}.Release|Any CPU.Build.0 = Release|Any CPU
	EndGlobalSection
EndGlobal
